// !$*UTF8*$!
{
	archiveVersion = 1;
	classes = {
	};
	objectVersion = 46;
	objects = {

/* Begin PBXBuildFile section */
		EF197C421A81929C00D43AB7 /* main.m in Sources */ = {isa = PBXBuildFile; fileRef = EF197C411A81929C00D43AB7 /* main.m */; };
		EF197C451A81929C00D43AB7 /* AppDelegate.m in Sources */ = {isa = PBXBuildFile; fileRef = EF197C441A81929C00D43AB7 /* AppDelegate.m */; };
		EF197C4B1A81929C00D43AB7 /* Main.storyboard in Resources */ = {isa = PBXBuildFile; fileRef = EF197C491A81929C00D43AB7 /* Main.storyboard */; };
		EF197C4D1A81929C00D43AB7 /* Images.xcassets in Resources */ = {isa = PBXBuildFile; fileRef = EF197C4C1A81929C00D43AB7 /* Images.xcassets */; };
		EF197C501A81929C00D43AB7 /* LaunchScreen.xib in Resources */ = {isa = PBXBuildFile; fileRef = EF197C4E1A81929C00D43AB7 /* LaunchScreen.xib */; };
		EF197C5C1A81929C00D43AB7 /* GPSLocationExampleTests.m in Sources */ = {isa = PBXBuildFile; fileRef = EF197C5B1A81929C00D43AB7 /* GPSLocationExampleTests.m */; };
		EF197C6D1A81930500D43AB7 /* LocationTableViewController.m in Sources */ = {isa = PBXBuildFile; fileRef = EF197C6C1A81930500D43AB7 /* LocationTableViewController.m */; };
		EF197C6F1A81933700D43AB7 /* MapKit.framework in Frameworks */ = {isa = PBXBuildFile; fileRef = EF197C6E1A81933700D43AB7 /* MapKit.framework */; };
/* End PBXBuildFile section */

/* Begin PBXContainerItemProxy section */
		EF197C561A81929C00D43AB7 /* PBXContainerItemProxy */ = {
			isa = PBXContainerItemProxy;
			containerPortal = EF197C341A81929C00D43AB7 /* Project object */;
			proxyType = 1;
			remoteGlobalIDString = EF197C3B1A81929C00D43AB7;
			remoteInfo = GPSLocationExample;
		};
/* End PBXContainerItemProxy section */

/* Begin PBXFileReference section */
		EF197C3C1A81929C00D43AB7 /* GPSLocationExample.app */ = {isa = PBXFileReference; explicitFileType = wrapper.application; includeInIndex = 0; path = GPSLocationExample.app; sourceTree = BUILT_PRODUCTS_DIR; };
		EF197C401A81929C00D43AB7 /* Info.plist */ = {isa = PBXFileReference; lastKnownFileType = text.plist.xml; path = Info.plist; sourceTree = "<group>"; };
		EF197C411A81929C00D43AB7 /* main.m */ = {isa = PBXFileReference; lastKnownFileType = sourcecode.c.objc; path = main.m; sourceTree = "<group>"; };
		EF197C431A81929C00D43AB7 /* AppDelegate.h */ = {isa = PBXFileReference; lastKnownFileType = sourcecode.c.h; path = AppDelegate.h; sourceTree = "<group>"; };
		EF197C441A81929C00D43AB7 /* AppDelegate.m */ = {isa = PBXFileReference; lastKnownFileType = sourcecode.c.objc; path = AppDelegate.m; sourceTree = "<group>"; };
		EF197C4A1A81929C00D43AB7 /* Base */ = {isa = PBXFileReference; lastKnownFileType = file.storyboard; name = Base; path = Base.lproj/Main.storyboard; sourceTree = "<group>"; };
		EF197C4C1A81929C00D43AB7 /* Images.xcassets */ = {isa = PBXFileReference; lastKnownFileType = folder.assetcatalog; path = Images.xcassets; sourceTree = "<group>"; };
		EF197C4F1A81929C00D43AB7 /* Base */ = {isa = PBXFileReference; lastKnownFileType = file.xib; name = Base; path = Base.lproj/LaunchScreen.xib; sourceTree = "<group>"; };
		EF197C551A81929C00D43AB7 /* GPSLocationExampleTests.xctest */ = {isa = PBXFileReference; explicitFileType = wrapper.cfbundle; includeInIndex = 0; path = GPSLocationExampleTests.xctest; sourceTree = BUILT_PRODUCTS_DIR; };
		EF197C5A1A81929C00D43AB7 /* Info.plist */ = {isa = PBXFileReference; lastKnownFileType = text.plist.xml; path = Info.plist; sourceTree = "<group>"; };
		EF197C5B1A81929C00D43AB7 /* GPSLocationExampleTests.m */ = {isa = PBXFileReference; lastKnownFileType = sourcecode.c.objc; path = GPSLocationExampleTests.m; sourceTree = "<group>"; };
		EF197C6B1A81930500D43AB7 /* LocationTableViewController.h */ = {isa = PBXFileReference; fileEncoding = 4; lastKnownFileType = sourcecode.c.h; path = LocationTableViewController.h; sourceTree = "<group>"; };
		EF197C6C1A81930500D43AB7 /* LocationTableViewController.m */ = {isa = PBXFileReference; fileEncoding = 4; lastKnownFileType = sourcecode.c.objc; path = LocationTableViewController.m; sourceTree = "<group>"; };
		EF197C6E1A81933700D43AB7 /* MapKit.framework */ = {isa = PBXFileReference; lastKnownFileType = wrapper.framework; name = MapKit.framework; path = System/Library/Frameworks/MapKit.framework; sourceTree = SDKROOT; };
/* End PBXFileReference section */

/* Begin PBXFrameworksBuildPhase section */
		EF197C391A81929C00D43AB7 /* Frameworks */ = {
			isa = PBXFrameworksBuildPhase;
			buildActionMask = 2147483647;
			files = (
				EF197C6F1A81933700D43AB7 /* MapKit.framework in Frameworks */,
			);
			runOnlyForDeploymentPostprocessing = 0;
		};
		EF197C521A81929C00D43AB7 /* Frameworks */ = {
			isa = PBXFrameworksBuildPhase;
			buildActionMask = 2147483647;
			files = (
			);
			runOnlyForDeploymentPostprocessing = 0;
		};
/* End PBXFrameworksBuildPhase section */

/* Begin PBXGroup section */
		EF197C331A81929C00D43AB7 = {
			isa = PBXGroup;
			children = (
				EF197C6E1A81933700D43AB7 /* MapKit.framework */,
				EF197C3E1A81929C00D43AB7 /* GPSLocationExample */,
				EF197C581A81929C00D43AB7 /* GPSLocationExampleTests */,
				EF197C3D1A81929C00D43AB7 /* Products */,
			);
			sourceTree = "<group>";
		};
		EF197C3D1A81929C00D43AB7 /* Products */ = {
			isa = PBXGroup;
			children = (
				EF197C3C1A81929C00D43AB7 /* GPSLocationExample.app */,
				EF197C551A81929C00D43AB7 /* GPSLocationExampleTests.xctest */,
			);
			name = Products;
			sourceTree = "<group>";
		};
		EF197C3E1A81929C00D43AB7 /* GPSLocationExample */ = {
			isa = PBXGroup;
			children = (
				EF197C6B1A81930500D43AB7 /* LocationTableViewController.h */,
				EF197C6C1A81930500D43AB7 /* LocationTableViewController.m */,
				EF197C431A81929C00D43AB7 /* AppDelegate.h */,
				EF197C441A81929C00D43AB7 /* AppDelegate.m */,
				EF197C491A81929C00D43AB7 /* Main.storyboard */,
				EF197C4C1A81929C00D43AB7 /* Images.xcassets */,
				EF197C4E1A81929C00D43AB7 /* LaunchScreen.xib */,
				EF197C3F1A81929C00D43AB7 /* Supporting Files */,
			);
			path = GPSLocationExample;
			sourceTree = "<group>";
		};
		EF197C3F1A81929C00D43AB7 /* Supporting Files */ = {
			isa = PBXGroup;
			children = (
				EF197C401A81929C00D43AB7 /* Info.plist */,
				EF197C411A81929C00D43AB7 /* main.m */,
			);
			name = "Supporting Files";
			sourceTree = "<group>";
		};
		EF197C581A81929C00D43AB7 /* GPSLocationExampleTests */ = {
			isa = PBXGroup;
			children = (
				EF197C5B1A81929C00D43AB7 /* GPSLocationExampleTests.m */,
				EF197C591A81929C00D43AB7 /* Supporting Files */,
			);
			path = GPSLocationExampleTests;
			sourceTree = "<group>";
		};
		EF197C591A81929C00D43AB7 /* Supporting Files */ = {
			isa = PBXGroup;
			children = (
				EF197C5A1A81929C00D43AB7 /* Info.plist */,
			);
			name = "Supporting Files";
			sourceTree = "<group>";
		};
/* End PBXGroup section */

/* Begin PBXNativeTarget section */
		EF197C3B1A81929C00D43AB7 /* GPSLocationExample */ = {
			isa = PBXNativeTarget;
			buildConfigurationList = EF197C5F1A81929C00D43AB7 /* Build configuration list for PBXNativeTarget "GPSLocationExample" */;
			buildPhases = (
				EF197C381A81929C00D43AB7 /* Sources */,
				EF197C391A81929C00D43AB7 /* Frameworks */,
				EF197C3A1A81929C00D43AB7 /* Resources */,
			);
			buildRules = (
			);
			dependencies = (
			);
			name = GPSLocationExample;
			productName = GPSLocationExample;
			productReference = EF197C3C1A81929C00D43AB7 /* GPSLocationExample.app */;
			productType = "com.apple.product-type.application";
		};
		EF197C541A81929C00D43AB7 /* GPSLocationExampleTests */ = {
			isa = PBXNativeTarget;
			buildConfigurationList = EF197C621A81929C00D43AB7 /* Build configuration list for PBXNativeTarget "GPSLocationExampleTests" */;
			buildPhases = (
				EF197C511A81929C00D43AB7 /* Sources */,
				EF197C521A81929C00D43AB7 /* Frameworks */,
				EF197C531A81929C00D43AB7 /* Resources */,
			);
			buildRules = (
			);
			dependencies = (
				EF197C571A81929C00D43AB7 /* PBXTargetDependency */,
			);
			name = GPSLocationExampleTests;
			productName = GPSLocationExampleTests;
			productReference = EF197C551A81929C00D43AB7 /* GPSLocationExampleTests.xctest */;
			productType = "com.apple.product-type.bundle.unit-test";
		};
/* End PBXNativeTarget section */

/* Begin PBXProject section */
		EF197C341A81929C00D43AB7 /* Project object */ = {
			isa = PBXProject;
			attributes = {
				LastUpgradeCheck = 0610;
				ORGANIZATIONNAME = "STUDENT #5";
				TargetAttributes = {
					EF197C3B1A81929C00D43AB7 = {
						CreatedOnToolsVersion = 6.1.1;
						SystemCapabilities = {
							com.apple.Maps.iOS = {
								enabled = 1;
							};
						};
					};
					EF197C541A81929C00D43AB7 = {
						CreatedOnToolsVersion = 6.1.1;
						TestTargetID = EF197C3B1A81929C00D43AB7;
					};
				};
			};
			buildConfigurationList = EF197C371A81929C00D43AB7 /* Build configuration list for PBXProject "GPSLocationExample" */;
			compatibilityVersion = "Xcode 3.2";
			developmentRegion = English;
			hasScannedForEncodings = 0;
			knownRegions = (
				en,
				Base,
			);
			mainGroup = EF197C331A81929C00D43AB7;
			productRefGroup = EF197C3D1A81929C00D43AB7 /* Products */;
			projectDirPath = "";
			projectRoot = "";
			targets = (
				EF197C3B1A81929C00D43AB7 /* GPSLocationExample */,
				EF197C541A81929C00D43AB7 /* GPSLocationExampleTests */,
			);
		};
/* End PBXProject section */

/* Begin PBXResourcesBuildPhase section */
		EF197C3A1A81929C00D43AB7 /* Resources */ = {
			isa = PBXResourcesBuildPhase;
			buildActionMask = 2147483647;
			files = (
				EF197C4B1A81929C00D43AB7 /* Main.storyboard in Resources */,
				EF197C501A81929C00D43AB7 /* LaunchScreen.xib in Resources */,
				EF197C4D1A81929C00D43AB7 /* Images.xcassets in Resources */,
			);
			runOnlyForDeploymentPostprocessing = 0;
		};
		EF197C531A81929C00D43AB7 /* Resources */ = {
			isa = PBXResourcesBuildPhase;
			buildActionMask = 2147483647;
			files = (
			);
			runOnlyForDeploymentPostprocessing = 0;
		};
/* End PBXResourcesBuildPhase section */

/* Begin PBXSourcesBuildPhase section */
		EF197C381A81929C00D43AB7 /* Sources */ = {
			isa = PBXSourcesBuildPhase;
			buildActionMask = 2147483647;
			files = (
				EF197C451A81929C00D43AB7 /* AppDelegate.m in Sources */,
				EF197C421A81929C00D43AB7 /* main.m in Sources */,
				EF197C6D1A81930500D43AB7 /* LocationTableViewController.m in Sources */,
			);
			runOnlyForDeploymentPostprocessing = 0;
		};
		EF197C511A81929C00D43AB7 /* Sources */ = {
			isa = PBXSourcesBuildPhase;
			buildActionMask = 2147483647;
			files = (
				EF197C5C1A81929C00D43AB7 /* GPSLocationExampleTests.m in Sources */,
			);
			runOnlyForDeploymentPostprocessing = 0;
		};
/* End PBXSourcesBuildPhase section */

/* Begin PBXTargetDependency section */
		EF197C571A81929C00D43AB7 /* PBXTargetDependency */ = {
			isa = PBXTargetDependency;
			target = EF197C3B1A81929C00D43AB7 /* GPSLocationExample */;
			targetProxy = EF197C561A81929C00D43AB7 /* PBXContainerItemProxy */;
		};
/* End PBXTargetDependency section */

/* Begin PBXVariantGroup section */
		EF197C491A81929C00D43AB7 /* Main.storyboard */ = {
			isa = PBXVariantGroup;
			children = (
				EF197C4A1A81929C00D43AB7 /* Base */,
			);
			name = Main.storyboard;
			sourceTree = "<group>";
		};
		EF197C4E1A81929C00D43AB7 /* LaunchScreen.xib */ = {
			isa = PBXVariantGroup;
			children = (
				EF197C4F1A81929C00D43AB7 /* Base */,
			);
			name = LaunchScreen.xib;
			sourceTree = "<group>";
		};
/* End PBXVariantGroup section */

/* Begin XCBuildConfiguration section */
		EF197C5D1A81929C00D43AB7 /* Debug */ = {
			isa = XCBuildConfiguration;
			buildSettings = {
				ALWAYS_SEARCH_USER_PATHS = NO;
				CLANG_CXX_LANGUAGE_STANDARD = "gnu++0x";
				CLANG_CXX_LIBRARY = "libc++";
				CLANG_ENABLE_MODULES = YES;
				CLANG_ENABLE_OBJC_ARC = YES;
				CLANG_WARN_BOOL_CONVERSION = YES;
				CLANG_WARN_CONSTANT_CONVERSION = YES;
				CLANG_WARN_DIRECT_OBJC_ISA_USAGE = YES_ERROR;
				CLANG_WARN_EMPTY_BODY = YES;
				CLANG_WARN_ENUM_CONVERSION = YES;
				CLANG_WARN_INT_CONVERSION = YES;
				CLANG_WARN_OBJC_ROOT_CLASS = YES_ERROR;
				CLANG_WARN_UNREACHABLE_CODE = YES;
				CLANG_WARN__DUPLICATE_METHOD_MATCH = YES;
				"CODE_SIGN_IDENTITY[sdk=iphoneos*]" = "iPhone Developer";
				COPY_PHASE_STRIP = NO;
				ENABLE_STRICT_OBJC_MSGSEND = YES;
				GCC_C_LANGUAGE_STANDARD = gnu99;
				GCC_DYNAMIC_NO_PIC = NO;
				GCC_OPTIMIZATION_LEVEL = 0;
				GCC_PREPROCESSOR_DEFINITIONS = (
					"DEBUG=1",
					"$(inherited)",
				);
				GCC_SYMBOLS_PRIVATE_EXTERN = NO;
				GCC_WARN_64_TO_32_BIT_CONVERSION = YES;
				GCC_WARN_ABOUT_RETURN_TYPE = YES_ERROR;
				GCC_WARN_UNDECLARED_SELECTOR = YES;
				GCC_WARN_UNINITIALIZED_AUTOS = YES_AGGRESSIVE;
				GCC_WARN_UNUSED_FUNCTION = YES;
				GCC_WARN_UNUSED_VARIABLE = YES;
				IPHONEOS_DEPLOYMENT_TARGET = 8.1;
				MTL_ENABLE_DEBUG_INFO = YES;
				ONLY_ACTIVE_ARCH = YES;
				SDKROOT = iphoneos;
				TARGETED_DEVICE_FAMILY = "1,2";
			};
			name = Debug;
		};
		EF197C5E1A81929C00D43AB7 /* Release */ = {
			isa = XCBuildConfiguration;
			buildSettings = {
				ALWAYS_SEARCH_USER_PATHS = NO;
				CLANG_CXX_LANGUAGE_STANDARD = "gnu++0x";
				CLANG_CXX_LIBRARY = "libc++";
				CLANG_ENABLE_MODULES = YES;
				CLANG_ENABLE_OBJC_ARC = YES;
				CLANG_WARN_BOOL_CONVERSION = YES;
				CLANG_WARN_CONSTANT_CONVERSION = YES;
				CLANG_WARN_DIRECT_OBJC_ISA_USAGE = YES_ERROR;
				CLANG_WARN_EMPTY_BODY = YES;
				CLANG_WARN_ENUM_CONVERSION = YES;
				CLANG_WARN_INT_CONVERSION = YES;
				CLANG_WARN_OBJC_ROOT_CLASS = YES_ERROR;
				CLANG_WARN_UNREACHABLE_CODE = YES;
				CLANG_WARN__DUPLICATE_METHOD_MATCH = YES;
				"CODE_SIGN_IDENTITY[sdk=iphoneos*]" = "iPhone Developer";
				COPY_PHASE_STRIP = YES;
				ENABLE_NS_ASSERTIONS = NO;
				ENABLE_STRICT_OBJC_MSGSEND = YES;
				GCC_C_LANGUAGE_STANDARD = gnu99;
				GCC_WARN_64_TO_32_BIT_CONVERSION = YES;
				GCC_WARN_ABOUT_RETURN_TYPE = YES_ERROR;
				GCC_WARN_UNDECLARED_SELECTOR = YES;
				GCC_WARN_UNINITIALIZED_AUTOS = YES_AGGRESSIVE;
				GCC_WARN_UNUSED_FUNCTION = YES;
				GCC_WARN_UNUSED_VARIABLE = YES;
				IPHONEOS_DEPLOYMENT_TARGET = 8.1;
				MTL_ENABLE_DEBUG_INFO = NO;
				SDKROOT = iphoneos;
				TARGETED_DEVICE_FAMILY = "1,2";
				VALIDATE_PRODUCT = YES;
			};
			name = Release;
		};
		EF197C601A81929C00D43AB7 /* Debug */ = {
			isa = XCBuildConfiguration;
			buildSettings = {
				ASSETCATALOG_COMPILER_APPICON_NAME = AppIcon;
				INFOPLIST_FILE = GPSLocationExample/Info.plist;
				LD_RUNPATH_SEARCH_PATHS = "$(inherited) @executable_path/Frameworks";
				PRODUCT_NAME = "$(TARGET_NAME)";
			};
			name = Debug;
		};
		EF197C611A81929C00D43AB7 /* Release */ = {
			isa = XCBuildConfiguration;
			buildSettings = {
				ASSETCATALOG_COMPILER_APPICON_NAME = AppIcon;
				INFOPLIST_FILE = GPSLocationExample/Info.plist;
				LD_RUNPATH_SEARCH_PATHS = "$(inherited) @executable_path/Frameworks";
				PRODUCT_NAME = "$(TARGET_NAME)";
			};
			name = Release;
		};
		EF197C631A81929C00D43AB7 /* Debug */ = {
			isa = XCBuildConfiguration;
			buildSettings = {
				BUNDLE_LOADER = "$(TEST_HOST)";
				FRAMEWORK_SEARCH_PATHS = (
					"$(SDKROOT)/Developer/Library/Frameworks",
					"$(inherited)",
				);
				GCC_PREPROCESSOR_DEFINITIONS = (
					"DEBUG=1",
					"$(inherited)",
				);
				INFOPLIST_FILE = GPSLocationExampleTests/Info.plist;
				LD_RUNPATH_SEARCH_PATHS = "$(inherited) @executable_path/Frameworks @loader_path/Frameworks";
				PRODUCT_NAME = "$(TARGET_NAME)";
				TEST_HOST = "$(BUILT_PRODUCTS_DIR)/GPSLocationExample.app/GPSLocationExample";
			};
			name = Debug;
		};
		EF197C641A81929C00D43AB7 /* Release */ = {
			isa = XCBuildConfiguration;
			buildSettings = {
				BUNDLE_LOADER = "$(TEST_HOST)";
				FRAMEWORK_SEARCH_PATHS = (
					"$(SDKROOT)/Developer/Library/Frameworks",
					"$(inherited)",
				);
				INFOPLIST_FILE = GPSLocationExampleTests/Info.plist;
				LD_RUNPATH_SEARCH_PATHS = "$(inherited) @executable_path/Frameworks @loader_path/Frameworks";
				PRODUCT_NAME = "$(TARGET_NAME)";
				TEST_HOST = "$(BUILT_PRODUCTS_DIR)/GPSLocationExample.app/GPSLocationExample";
			};
			name = Release;
		};
/* End XCBuildConfiguration section */

/* Begin XCConfigurationList section */
		EF197C371A81929C00D43AB7 /* Build configuration list for PBXProject "GPSLocationExample" */ = {
			isa = XCConfigurationList;
			buildConfigurations = (
				EF197C5D1A81929C00D43AB7 /* Debug */,
				EF197C5E1A81929C00D43AB7 /* Release */,
			);
			defaultConfigurationIsVisible = 0;
			defaultConfigurationName = Release;
		};
		EF197C5F1A81929C00D43AB7 /* Build configuration list for PBXNativeTarget "GPSLocationExample" */ = {
			isa = XCConfigurationList;
			buildConfigurations = (
				EF197C601A81929C00D43AB7 /* Debug */,
				EF197C611A81929C00D43AB7 /* Release */,
			);
			defaultConfigurationIsVisible = 0;
		};
		EF197C621A81929C00D43AB7 /* Build configuration list for PBXNativeTarget "GPSLocationExampleTests" */ = {
			isa = XCConfigurationList;
			buildConfigurations = (
				EF197C631A81929C00D43AB7 /* Debug */,
				EF197C641A81929C00D43AB7 /* Release */,
			);
			defaultConfigurationIsVisible = 0;
		};
/* End XCConfigurationList section */
	};
	rootObject = EF197C341A81929C00D43AB7 /* Project object */;
}
