// !$*UTF8*$!
{
	archiveVersion = 1;
	classes = {
	};
	objectVersion = 46;
	objects = {

/* Begin PBXBuildFile section */
		EF45E3A41A6F1EBC00E59B62 /* main.m in Sources */ = {isa = PBXBuildFile; fileRef = EF45E3A31A6F1EBC00E59B62 /* main.m */; };
		EF45E3A71A6F1EBC00E59B62 /* AppDelegate.m in Sources */ = {isa = PBXBuildFile; fileRef = EF45E3A61A6F1EBC00E59B62 /* AppDelegate.m */; };
		EF45E3AA1A6F1EBC00E59B62 /* CalculatorViewController.m in Sources */ = {isa = PBXBuildFile; fileRef = EF45E3A91A6F1EBC00E59B62 /* CalculatorViewController.m */; };
		EF45E3AD1A6F1EBC00E59B62 /* Main.storyboard in Resources */ = {isa = PBXBuildFile; fileRef = EF45E3AB1A6F1EBC00E59B62 /* Main.storyboard */; };
		EF45E3AF1A6F1EBC00E59B62 /* Images.xcassets in Resources */ = {isa = PBXBuildFile; fileRef = EF45E3AE1A6F1EBC00E59B62 /* Images.xcassets */; };
		EF45E3B21A6F1EBC00E59B62 /* LaunchScreen.xib in Resources */ = {isa = PBXBuildFile; fileRef = EF45E3B01A6F1EBC00E59B62 /* LaunchScreen.xib */; };
		EF45E3BE1A6F1EBC00E59B62 /* CalculatorTests.m in Sources */ = {isa = PBXBuildFile; fileRef = EF45E3BD1A6F1EBC00E59B62 /* CalculatorTests.m */; };
/* End PBXBuildFile section */

/* Begin PBXContainerItemProxy section */
		EF45E3B81A6F1EBC00E59B62 /* PBXContainerItemProxy */ = {
			isa = PBXContainerItemProxy;
			containerPortal = EF45E3961A6F1EBC00E59B62 /* Project object */;
			proxyType = 1;
			remoteGlobalIDString = EF45E39D1A6F1EBC00E59B62;
			remoteInfo = Calculator;
		};
/* End PBXContainerItemProxy section */

/* Begin PBXFileReference section */
		EF45E39E1A6F1EBC00E59B62 /* Calculator.app */ = {isa = PBXFileReference; explicitFileType = wrapper.application; includeInIndex = 0; path = Calculator.app; sourceTree = BUILT_PRODUCTS_DIR; };
		EF45E3A21A6F1EBC00E59B62 /* Info.plist */ = {isa = PBXFileReference; lastKnownFileType = text.plist.xml; path = Info.plist; sourceTree = "<group>"; };
		EF45E3A31A6F1EBC00E59B62 /* main.m */ = {isa = PBXFileReference; lastKnownFileType = sourcecode.c.objc; path = main.m; sourceTree = "<group>"; };
		EF45E3A51A6F1EBC00E59B62 /* AppDelegate.h */ = {isa = PBXFileReference; lastKnownFileType = sourcecode.c.h; path = AppDelegate.h; sourceTree = "<group>"; };
		EF45E3A61A6F1EBC00E59B62 /* AppDelegate.m */ = {isa = PBXFileReference; lastKnownFileType = sourcecode.c.objc; path = AppDelegate.m; sourceTree = "<group>"; };
		EF45E3A81A6F1EBC00E59B62 /* CalculatorViewController.h */ = {isa = PBXFileReference; lastKnownFileType = sourcecode.c.h; path = CalculatorViewController.h; sourceTree = "<group>"; };
		EF45E3A91A6F1EBC00E59B62 /* CalculatorViewController.m */ = {isa = PBXFileReference; lastKnownFileType = sourcecode.c.objc; path = CalculatorViewController.m; sourceTree = "<group>"; };
		EF45E3AC1A6F1EBC00E59B62 /* Base */ = {isa = PBXFileReference; lastKnownFileType = file.storyboard; name = Base; path = Base.lproj/Main.storyboard; sourceTree = "<group>"; };
		EF45E3AE1A6F1EBC00E59B62 /* Images.xcassets */ = {isa = PBXFileReference; lastKnownFileType = folder.assetcatalog; path = Images.xcassets; sourceTree = "<group>"; };
		EF45E3B11A6F1EBC00E59B62 /* Base */ = {isa = PBXFileReference; lastKnownFileType = file.xib; name = Base; path = Base.lproj/LaunchScreen.xib; sourceTree = "<group>"; };
		EF45E3B71A6F1EBC00E59B62 /* CalculatorTests.xctest */ = {isa = PBXFileReference; explicitFileType = wrapper.cfbundle; includeInIndex = 0; path = CalculatorTests.xctest; sourceTree = BUILT_PRODUCTS_DIR; };
		EF45E3BC1A6F1EBC00E59B62 /* Info.plist */ = {isa = PBXFileReference; lastKnownFileType = text.plist.xml; path = Info.plist; sourceTree = "<group>"; };
		EF45E3BD1A6F1EBC00E59B62 /* CalculatorTests.m */ = {isa = PBXFileReference; lastKnownFileType = sourcecode.c.objc; path = CalculatorTests.m; sourceTree = "<group>"; };
/* End PBXFileReference section */

/* Begin PBXFrameworksBuildPhase section */
		EF45E39B1A6F1EBC00E59B62 /* Frameworks */ = {
			isa = PBXFrameworksBuildPhase;
			buildActionMask = 2147483647;
			files = (
			);
			runOnlyForDeploymentPostprocessing = 0;
		};
		EF45E3B41A6F1EBC00E59B62 /* Frameworks */ = {
			isa = PBXFrameworksBuildPhase;
			buildActionMask = 2147483647;
			files = (
			);
			runOnlyForDeploymentPostprocessing = 0;
		};
/* End PBXFrameworksBuildPhase section */

/* Begin PBXGroup section */
		EF45E3951A6F1EBC00E59B62 = {
			isa = PBXGroup;
			children = (
				EF45E3A01A6F1EBC00E59B62 /* Calculator */,
				EF45E3BA1A6F1EBC00E59B62 /* CalculatorTests */,
				EF45E39F1A6F1EBC00E59B62 /* Products */,
			);
			sourceTree = "<group>";
		};
		EF45E39F1A6F1EBC00E59B62 /* Products */ = {
			isa = PBXGroup;
			children = (
				EF45E39E1A6F1EBC00E59B62 /* Calculator.app */,
				EF45E3B71A6F1EBC00E59B62 /* CalculatorTests.xctest */,
			);
			name = Products;
			sourceTree = "<group>";
		};
		EF45E3A01A6F1EBC00E59B62 /* Calculator */ = {
			isa = PBXGroup;
			children = (
				EF45E3A51A6F1EBC00E59B62 /* AppDelegate.h */,
				EF45E3A61A6F1EBC00E59B62 /* AppDelegate.m */,
				EF45E3A81A6F1EBC00E59B62 /* CalculatorViewController.h */,
				EF45E3A91A6F1EBC00E59B62 /* CalculatorViewController.m */,
				EF45E3AB1A6F1EBC00E59B62 /* Main.storyboard */,
				EF45E3AE1A6F1EBC00E59B62 /* Images.xcassets */,
				EF45E3B01A6F1EBC00E59B62 /* LaunchScreen.xib */,
				EF45E3A11A6F1EBC00E59B62 /* Supporting Files */,
			);
			path = Calculator;
			sourceTree = "<group>";
		};
		EF45E3A11A6F1EBC00E59B62 /* Supporting Files */ = {
			isa = PBXGroup;
			children = (
				EF45E3A21A6F1EBC00E59B62 /* Info.plist */,
				EF45E3A31A6F1EBC00E59B62 /* main.m */,
			);
			name = "Supporting Files";
			sourceTree = "<group>";
		};
		EF45E3BA1A6F1EBC00E59B62 /* CalculatorTests */ = {
			isa = PBXGroup;
			children = (
				EF45E3BD1A6F1EBC00E59B62 /* CalculatorTests.m */,
				EF45E3BB1A6F1EBC00E59B62 /* Supporting Files */,
			);
			path = CalculatorTests;
			sourceTree = "<group>";
		};
		EF45E3BB1A6F1EBC00E59B62 /* Supporting Files */ = {
			isa = PBXGroup;
			children = (
				EF45E3BC1A6F1EBC00E59B62 /* Info.plist */,
			);
			name = "Supporting Files";
			sourceTree = "<group>";
		};
/* End PBXGroup section */

/* Begin PBXNativeTarget section */
		EF45E39D1A6F1EBC00E59B62 /* Calculator */ = {
			isa = PBXNativeTarget;
			buildConfigurationList = EF45E3C11A6F1EBC00E59B62 /* Build configuration list for PBXNativeTarget "Calculator" */;
			buildPhases = (
				EF45E39A1A6F1EBC00E59B62 /* Sources */,
				EF45E39B1A6F1EBC00E59B62 /* Frameworks */,
				EF45E39C1A6F1EBC00E59B62 /* Resources */,
			);
			buildRules = (
			);
			dependencies = (
			);
			name = Calculator;
			productName = Calculator;
			productReference = EF45E39E1A6F1EBC00E59B62 /* Calculator.app */;
			productType = "com.apple.product-type.application";
		};
		EF45E3B61A6F1EBC00E59B62 /* CalculatorTests */ = {
			isa = PBXNativeTarget;
			buildConfigurationList = EF45E3C41A6F1EBC00E59B62 /* Build configuration list for PBXNativeTarget "CalculatorTests" */;
			buildPhases = (
				EF45E3B31A6F1EBC00E59B62 /* Sources */,
				EF45E3B41A6F1EBC00E59B62 /* Frameworks */,
				EF45E3B51A6F1EBC00E59B62 /* Resources */,
			);
			buildRules = (
			);
			dependencies = (
				EF45E3B91A6F1EBC00E59B62 /* PBXTargetDependency */,
			);
			name = CalculatorTests;
			productName = CalculatorTests;
			productReference = EF45E3B71A6F1EBC00E59B62 /* CalculatorTests.xctest */;
			productType = "com.apple.product-type.bundle.unit-test";
		};
/* End PBXNativeTarget section */

/* Begin PBXProject section */
		EF45E3961A6F1EBC00E59B62 /* Project object */ = {
			isa = PBXProject;
			attributes = {
				LastUpgradeCheck = 0610;
				ORGANIZATIONNAME = "STUDENT #5";
				TargetAttributes = {
					EF45E39D1A6F1EBC00E59B62 = {
						CreatedOnToolsVersion = 6.1.1;
					};
					EF45E3B61A6F1EBC00E59B62 = {
						CreatedOnToolsVersion = 6.1.1;
						TestTargetID = EF45E39D1A6F1EBC00E59B62;
					};
				};
			};
			buildConfigurationList = EF45E3991A6F1EBC00E59B62 /* Build configuration list for PBXProject "Calculator" */;
			compatibilityVersion = "Xcode 3.2";
			developmentRegion = English;
			hasScannedForEncodings = 0;
			knownRegions = (
				en,
				Base,
			);
			mainGroup = EF45E3951A6F1EBC00E59B62;
			productRefGroup = EF45E39F1A6F1EBC00E59B62 /* Products */;
			projectDirPath = "";
			projectRoot = "";
			targets = (
				EF45E39D1A6F1EBC00E59B62 /* Calculator */,
				EF45E3B61A6F1EBC00E59B62 /* CalculatorTests */,
			);
		};
/* End PBXProject section */

/* Begin PBXResourcesBuildPhase section */
		EF45E39C1A6F1EBC00E59B62 /* Resources */ = {
			isa = PBXResourcesBuildPhase;
			buildActionMask = 2147483647;
			files = (
				EF45E3AD1A6F1EBC00E59B62 /* Main.storyboard in Resources */,
				EF45E3B21A6F1EBC00E59B62 /* LaunchScreen.xib in Resources */,
				EF45E3AF1A6F1EBC00E59B62 /* Images.xcassets in Resources */,
			);
			runOnlyForDeploymentPostprocessing = 0;
		};
		EF45E3B51A6F1EBC00E59B62 /* Resources */ = {
			isa = PBXResourcesBuildPhase;
			buildActionMask = 2147483647;
			files = (
			);
			runOnlyForDeploymentPostprocessing = 0;
		};
/* End PBXResourcesBuildPhase section */

/* Begin PBXSourcesBuildPhase section */
		EF45E39A1A6F1EBC00E59B62 /* Sources */ = {
			isa = PBXSourcesBuildPhase;
			buildActionMask = 2147483647;
			files = (
				EF45E3AA1A6F1EBC00E59B62 /* CalculatorViewController.m in Sources */,
				EF45E3A71A6F1EBC00E59B62 /* AppDelegate.m in Sources */,
				EF45E3A41A6F1EBC00E59B62 /* main.m in Sources */,
			);
			runOnlyForDeploymentPostprocessing = 0;
		};
		EF45E3B31A6F1EBC00E59B62 /* Sources */ = {
			isa = PBXSourcesBuildPhase;
			buildActionMask = 2147483647;
			files = (
				EF45E3BE1A6F1EBC00E59B62 /* CalculatorTests.m in Sources */,
			);
			runOnlyForDeploymentPostprocessing = 0;
		};
/* End PBXSourcesBuildPhase section */

/* Begin PBXTargetDependency section */
		EF45E3B91A6F1EBC00E59B62 /* PBXTargetDependency */ = {
			isa = PBXTargetDependency;
			target = EF45E39D1A6F1EBC00E59B62 /* Calculator */;
			targetProxy = EF45E3B81A6F1EBC00E59B62 /* PBXContainerItemProxy */;
		};
/* End PBXTargetDependency section */

/* Begin PBXVariantGroup section */
		EF45E3AB1A6F1EBC00E59B62 /* Main.storyboard */ = {
			isa = PBXVariantGroup;
			children = (
				EF45E3AC1A6F1EBC00E59B62 /* Base */,
			);
			name = Main.storyboard;
			sourceTree = "<group>";
		};
		EF45E3B01A6F1EBC00E59B62 /* LaunchScreen.xib */ = {
			isa = PBXVariantGroup;
			children = (
				EF45E3B11A6F1EBC00E59B62 /* Base */,
			);
			name = LaunchScreen.xib;
			sourceTree = "<group>";
		};
/* End PBXVariantGroup section */

/* Begin XCBuildConfiguration section */
		EF45E3BF1A6F1EBC00E59B62 /* Debug */ = {
			isa = XCBuildConfiguration;
			buildSettings = {
				ALWAYS_SEARCH_USER_PATHS = NO;
				CLANG_CXX_LANGUAGE_STANDARD = "gnu++0x";
				CLANG_CXX_LIBRARY = "libc++";
				CLANG_ENABLE_MODULES = YES;
				CLANG_ENABLE_OBJC_ARC = YES;
				CLANG_WARN_BOOL_CONVERSION = YES;
				CLANG_WARN_CONSTANT_CONVERSION = YES;
				CLANG_WARN_DIRECT_OBJC_ISA_USAGE = YES_ERROR;
				CLANG_WARN_EMPTY_BODY = YES;
				CLANG_WARN_ENUM_CONVERSION = YES;
				CLANG_WARN_INT_CONVERSION = YES;
				CLANG_WARN_OBJC_ROOT_CLASS = YES_ERROR;
				CLANG_WARN_UNREACHABLE_CODE = YES;
				CLANG_WARN__DUPLICATE_METHOD_MATCH = YES;
				"CODE_SIGN_IDENTITY[sdk=iphoneos*]" = "iPhone Developer";
				COPY_PHASE_STRIP = NO;
				ENABLE_STRICT_OBJC_MSGSEND = YES;
				GCC_C_LANGUAGE_STANDARD = gnu99;
				GCC_DYNAMIC_NO_PIC = NO;
				GCC_OPTIMIZATION_LEVEL = 0;
				GCC_PREPROCESSOR_DEFINITIONS = (
					"DEBUG=1",
					"$(inherited)",
				);
				GCC_SYMBOLS_PRIVATE_EXTERN = NO;
				GCC_WARN_64_TO_32_BIT_CONVERSION = YES;
				GCC_WARN_ABOUT_RETURN_TYPE = YES_ERROR;
				GCC_WARN_UNDECLARED_SELECTOR = YES;
				GCC_WARN_UNINITIALIZED_AUTOS = YES_AGGRESSIVE;
				GCC_WARN_UNUSED_FUNCTION = YES;
				GCC_WARN_UNUSED_VARIABLE = YES;
				IPHONEOS_DEPLOYMENT_TARGET = 8.1;
				MTL_ENABLE_DEBUG_INFO = YES;
				ONLY_ACTIVE_ARCH = YES;
				SDKROOT = iphoneos;
				TARGETED_DEVICE_FAMILY = "1,2";
			};
			name = Debug;
		};
		EF45E3C01A6F1EBC00E59B62 /* Release */ = {
			isa = XCBuildConfiguration;
			buildSettings = {
				ALWAYS_SEARCH_USER_PATHS = NO;
				CLANG_CXX_LANGUAGE_STANDARD = "gnu++0x";
				CLANG_CXX_LIBRARY = "libc++";
				CLANG_ENABLE_MODULES = YES;
				CLANG_ENABLE_OBJC_ARC = YES;
				CLANG_WARN_BOOL_CONVERSION = YES;
				CLANG_WARN_CONSTANT_CONVERSION = YES;
				CLANG_WARN_DIRECT_OBJC_ISA_USAGE = YES_ERROR;
				CLANG_WARN_EMPTY_BODY = YES;
				CLANG_WARN_ENUM_CONVERSION = YES;
				CLANG_WARN_INT_CONVERSION = YES;
				CLANG_WARN_OBJC_ROOT_CLASS = YES_ERROR;
				CLANG_WARN_UNREACHABLE_CODE = YES;
				CLANG_WARN__DUPLICATE_METHOD_MATCH = YES;
				"CODE_SIGN_IDENTITY[sdk=iphoneos*]" = "iPhone Developer";
				COPY_PHASE_STRIP = YES;
				ENABLE_NS_ASSERTIONS = NO;
				ENABLE_STRICT_OBJC_MSGSEND = YES;
				GCC_C_LANGUAGE_STANDARD = gnu99;
				GCC_WARN_64_TO_32_BIT_CONVERSION = YES;
				GCC_WARN_ABOUT_RETURN_TYPE = YES_ERROR;
				GCC_WARN_UNDECLARED_SELECTOR = YES;
				GCC_WARN_UNINITIALIZED_AUTOS = YES_AGGRESSIVE;
				GCC_WARN_UNUSED_FUNCTION = YES;
				GCC_WARN_UNUSED_VARIABLE = YES;
				IPHONEOS_DEPLOYMENT_TARGET = 8.1;
				MTL_ENABLE_DEBUG_INFO = NO;
				SDKROOT = iphoneos;
				TARGETED_DEVICE_FAMILY = "1,2";
				VALIDATE_PRODUCT = YES;
			};
			name = Release;
		};
		EF45E3C21A6F1EBC00E59B62 /* Debug */ = {
			isa = XCBuildConfiguration;
			buildSettings = {
				ASSETCATALOG_COMPILER_APPICON_NAME = AppIcon;
				INFOPLIST_FILE = Calculator/Info.plist;
				LD_RUNPATH_SEARCH_PATHS = "$(inherited) @executable_path/Frameworks";
				PRODUCT_NAME = "$(TARGET_NAME)";
			};
			name = Debug;
		};
		EF45E3C31A6F1EBC00E59B62 /* Release */ = {
			isa = XCBuildConfiguration;
			buildSettings = {
				ASSETCATALOG_COMPILER_APPICON_NAME = AppIcon;
				INFOPLIST_FILE = Calculator/Info.plist;
				LD_RUNPATH_SEARCH_PATHS = "$(inherited) @executable_path/Frameworks";
				PRODUCT_NAME = "$(TARGET_NAME)";
			};
			name = Release;
		};
		EF45E3C51A6F1EBC00E59B62 /* Debug */ = {
			isa = XCBuildConfiguration;
			buildSettings = {
				BUNDLE_LOADER = "$(TEST_HOST)";
				FRAMEWORK_SEARCH_PATHS = (
					"$(SDKROOT)/Developer/Library/Frameworks",
					"$(inherited)",
				);
				GCC_PREPROCESSOR_DEFINITIONS = (
					"DEBUG=1",
					"$(inherited)",
				);
				INFOPLIST_FILE = CalculatorTests/Info.plist;
				LD_RUNPATH_SEARCH_PATHS = "$(inherited) @executable_path/Frameworks @loader_path/Frameworks";
				PRODUCT_NAME = "$(TARGET_NAME)";
				TEST_HOST = "$(BUILT_PRODUCTS_DIR)/Calculator.app/Calculator";
			};
			name = Debug;
		};
		EF45E3C61A6F1EBC00E59B62 /* Release */ = {
			isa = XCBuildConfiguration;
			buildSettings = {
				BUNDLE_LOADER = "$(TEST_HOST)";
				FRAMEWORK_SEARCH_PATHS = (
					"$(SDKROOT)/Developer/Library/Frameworks",
					"$(inherited)",
				);
				INFOPLIST_FILE = CalculatorTests/Info.plist;
				LD_RUNPATH_SEARCH_PATHS = "$(inherited) @executable_path/Frameworks @loader_path/Frameworks";
				PRODUCT_NAME = "$(TARGET_NAME)";
				TEST_HOST = "$(BUILT_PRODUCTS_DIR)/Calculator.app/Calculator";
			};
			name = Release;
		};
/* End XCBuildConfiguration section */

/* Begin XCConfigurationList section */
		EF45E3991A6F1EBC00E59B62 /* Build configuration list for PBXProject "Calculator" */ = {
			isa = XCConfigurationList;
			buildConfigurations = (
				EF45E3BF1A6F1EBC00E59B62 /* Debug */,
				EF45E3C01A6F1EBC00E59B62 /* Release */,
			);
			defaultConfigurationIsVisible = 0;
			defaultConfigurationName = Release;
		};
		EF45E3C11A6F1EBC00E59B62 /* Build configuration list for PBXNativeTarget "Calculator" */ = {
			isa = XCConfigurationList;
			buildConfigurations = (
				EF45E3C21A6F1EBC00E59B62 /* Debug */,
				EF45E3C31A6F1EBC00E59B62 /* Release */,
			);
			defaultConfigurationIsVisible = 0;
			defaultConfigurationName = Release;
		};
		EF45E3C41A6F1EBC00E59B62 /* Build configuration list for PBXNativeTarget "CalculatorTests" */ = {
			isa = XCConfigurationList;
			buildConfigurations = (
				EF45E3C51A6F1EBC00E59B62 /* Debug */,
				EF45E3C61A6F1EBC00E59B62 /* Release */,
			);
			defaultConfigurationIsVisible = 0;
			defaultConfigurationName = Release;
		};
/* End XCConfigurationList section */
	};
	rootObject = EF45E3961A6F1EBC00E59B62 /* Project object */;
}
